
Microsoft Visual Studio Solution File, Format Version 12.00
# Visual Studio Version 17
VisualStudioVersion = 17.2.32630.192
MinimumVisualStudioVersion = 10.0.40219.1
Project("{FAE04EC0-301F-11D3-BF4B-00C04F79EFBC}") = "Veterinary", "Veterinary\Veterinary.csproj", "{A7230090-716A-465F-BD96-E244C4B1F720}"
EndProject
Project("{FAE04EC0-301F-11D3-BF4B-00C04F79EFBC}") = "Veterinary.Domain", "Veterinary.Domain\Veterinary.Domain.csproj", "{7C71B064-AAFF-472C-947D-759341B0B6B4}"
EndProject
Project("{FAE04EC0-301F-11D3-BF4B-00C04F79EFBC}") = "Veterinary.DataAccessLayer", "Veterinary.DataAccessLayer\Veterinary.DataAccessLayer.csproj", "{B14EAF1B-C1A0-4718-B087-555C8032EF69}"
EndProject
Project("{FAE04EC0-301F-11D3-BF4B-00C04F79EFBC}") = "Veterinary.Service", "Veterinary.Service\Veterinary.Service.csproj", "{38FE06F7-0930-4FA4-8ABD-EF0C5A70F2A3}"
EndProject
Project("{FAE04EC0-301F-11D3-BF4B-00C04F79EFBC}") = "VeterinaryAPI", "VeterinaryAPI\VeterinaryAPI.csproj", "{A58B6903-843E-46AA-AA8D-3575B5DCEFFB}"
EndProject
Global
	GlobalSection(SolutionConfigurationPlatforms) = preSolution
		Debug|Any CPU = Debug|Any CPU
		Release|Any CPU = Release|Any CPU
	EndGlobalSection
	GlobalSection(ProjectConfigurationPlatforms) = postSolution
		{A7230090-716A-465F-BD96-E244C4B1F720}.Debug|Any CPU.ActiveCfg = Debug|Any CPU
		{A7230090-716A-465F-BD96-E244C4B1F720}.Debug|Any CPU.Build.0 = Debug|Any CPU
		{A7230090-716A-465F-BD96-E244C4B1F720}.Release|Any CPU.ActiveCfg = Release|Any CPU
		{A7230090-716A-465F-BD96-E244C4B1F720}.Release|Any CPU.Build.0 = Release|Any CPU
		{7C71B064-AAFF-472C-947D-759341B0B6B4}.Debug|Any CPU.ActiveCfg = Debug|Any CPU
		{7C71B064-AAFF-472C-947D-759341B0B6B4}.Debug|Any CPU.Build.0 = Debug|Any CPU
		{7C71B064-AAFF-472C-947D-759341B0B6B4}.Release|Any CPU.ActiveCfg = Release|Any CPU
		{7C71B064-AAFF-472C-947D-759341B0B6B4}.Release|Any CPU.Build.0 = Release|Any CPU
		{B14EAF1B-C1A0-4718-B087-555C8032EF69}.Debug|Any CPU.ActiveCfg = Debug|Any CPU
		{B14EAF1B-C1A0-4718-B087-555C8032EF69}.Debug|Any CPU.Build.0 = Debug|Any CPU
		{B14EAF1B-C1A0-4718-B087-555C8032EF69}.Release|Any CPU.ActiveCfg = Release|Any CPU
		{B14EAF1B-C1A0-4718-B087-555C8032EF69}.Release|Any CPU.Build.0 = Release|Any CPU
		{38FE06F7-0930-4FA4-8ABD-EF0C5A70F2A3}.Debug|Any CPU.ActiveCfg = Debug|Any CPU
		{38FE06F7-0930-4FA4-8ABD-EF0C5A70F2A3}.Debug|Any CPU.Build.0 = Debug|Any CPU
		{38FE06F7-0930-4FA4-8ABD-EF0C5A70F2A3}.Release|Any CPU.ActiveCfg = Release|Any CPU
		{38FE06F7-0930-4FA4-8ABD-EF0C5A70F2A3}.Release|Any CPU.Build.0 = Release|Any CPU
		{A58B6903-843E-46AA-AA8D-3575B5DCEFFB}.Debug|Any CPU.ActiveCfg = Debug|Any CPU
		{A58B6903-843E-46AA-AA8D-3575B5DCEFFB}.Debug|Any CPU.Build.0 = Debug|Any CPU
		{A58B6903-843E-46AA-AA8D-3575B5DCEFFB}.Release|Any CPU.ActiveCfg = Release|Any CPU
		{A58B6903-843E-46AA-AA8D-3575B5DCEFFB}.Release|Any CPU.Build.0 = Release|Any CPU
	EndGlobalSection
	GlobalSection(SolutionProperties) = preSolution
		HideSolutionNode = FALSE
	EndGlobalSection
	GlobalSection(ExtensibilityGlobals) = postSolution
		SolutionGuid = {F5158E65-6E4F-45F4-B17C-BECCE64A82CC}
	EndGlobalSection
EndGlobal
